// !$*UTF8*$!
{
	archiveVersion = 1;
	classes = {
	};
	objectVersion = 46;
	objects = {

/* Begin PBXBuildFile section */
		8413864C1B9FB08500824EC1 /* AppDelegate.swift in Sources */ = {isa = PBXBuildFile; fileRef = 8413864B1B9FB08500824EC1 /* AppDelegate.swift */; };
		841386511B9FB08500824EC1 /* Main.storyboard in Resources */ = {isa = PBXBuildFile; fileRef = 8413864F1B9FB08500824EC1 /* Main.storyboard */; };
		841386531B9FB08500824EC1 /* Images.xcassets in Resources */ = {isa = PBXBuildFile; fileRef = 841386521B9FB08500824EC1 /* Images.xcassets */; };
		841386561B9FB08500824EC1 /* LaunchScreen.xib in Resources */ = {isa = PBXBuildFile; fileRef = 841386541B9FB08500824EC1 /* LaunchScreen.xib */; };
		841386621B9FB08500824EC1 /* ZeroToApiTests.swift in Sources */ = {isa = PBXBuildFile; fileRef = 841386611B9FB08500824EC1 /* ZeroToApiTests.swift */; };
		8413866C1B9FB10E00824EC1 /* MainTableViewController.swift in Sources */ = {isa = PBXBuildFile; fileRef = 8413866B1B9FB10E00824EC1 /* MainTableViewController.swift */; };
		8413866E1BA0DCCD00824EC1 /* PlantDetailViewController.swift in Sources */ = {isa = PBXBuildFile; fileRef = 8413866D1BA0DCCD00824EC1 /* PlantDetailViewController.swift */; };
/* End PBXBuildFile section */

/* Begin PBXContainerItemProxy section */
		8413865C1B9FB08500824EC1 /* PBXContainerItemProxy */ = {
			isa = PBXContainerItemProxy;
			containerPortal = 8413863E1B9FB08500824EC1 /* Project object */;
			proxyType = 1;
			remoteGlobalIDString = 841386451B9FB08500824EC1;
			remoteInfo = ZeroToApi;
		};
/* End PBXContainerItemProxy section */

/* Begin PBXFileReference section */
		841386461B9FB08500824EC1 /* ZeroToApi.app */ = {isa = PBXFileReference; explicitFileType = wrapper.application; includeInIndex = 0; path = ZeroToApi.app; sourceTree = BUILT_PRODUCTS_DIR; };
		8413864A1B9FB08500824EC1 /* Info.plist */ = {isa = PBXFileReference; lastKnownFileType = text.plist.xml; path = Info.plist; sourceTree = "<group>"; };
		8413864B1B9FB08500824EC1 /* AppDelegate.swift */ = {isa = PBXFileReference; lastKnownFileType = sourcecode.swift; path = AppDelegate.swift; sourceTree = "<group>"; };
		841386501B9FB08500824EC1 /* Base */ = {isa = PBXFileReference; lastKnownFileType = file.storyboard; name = Base; path = Base.lproj/Main.storyboard; sourceTree = "<group>"; };
		841386521B9FB08500824EC1 /* Images.xcassets */ = {isa = PBXFileReference; lastKnownFileType = folder.assetcatalog; path = Images.xcassets; sourceTree = "<group>"; };
		841386551B9FB08500824EC1 /* Base */ = {isa = PBXFileReference; lastKnownFileType = file.xib; name = Base; path = Base.lproj/LaunchScreen.xib; sourceTree = "<group>"; };
		8413865B1B9FB08500824EC1 /* ZeroToApiTests.xctest */ = {isa = PBXFileReference; explicitFileType = wrapper.cfbundle; includeInIndex = 0; path = ZeroToApiTests.xctest; sourceTree = BUILT_PRODUCTS_DIR; };
		841386601B9FB08500824EC1 /* Info.plist */ = {isa = PBXFileReference; lastKnownFileType = text.plist.xml; path = Info.plist; sourceTree = "<group>"; };
		841386611B9FB08500824EC1 /* ZeroToApiTests.swift */ = {isa = PBXFileReference; lastKnownFileType = sourcecode.swift; path = ZeroToApiTests.swift; sourceTree = "<group>"; };
		8413866B1B9FB10E00824EC1 /* MainTableViewController.swift */ = {isa = PBXFileReference; fileEncoding = 4; lastKnownFileType = sourcecode.swift; path = MainTableViewController.swift; sourceTree = "<group>"; };
		8413866D1BA0DCCD00824EC1 /* PlantDetailViewController.swift */ = {isa = PBXFileReference; fileEncoding = 4; lastKnownFileType = sourcecode.swift; path = PlantDetailViewController.swift; sourceTree = "<group>"; };
/* End PBXFileReference section */

/* Begin PBXFrameworksBuildPhase section */
		841386431B9FB08500824EC1 /* Frameworks */ = {
			isa = PBXFrameworksBuildPhase;
			buildActionMask = 2147483647;
			files = (
			);
			runOnlyForDeploymentPostprocessing = 0;
		};
		841386581B9FB08500824EC1 /* Frameworks */ = {
			isa = PBXFrameworksBuildPhase;
			buildActionMask = 2147483647;
			files = (
			);
			runOnlyForDeploymentPostprocessing = 0;
		};
/* End PBXFrameworksBuildPhase section */

/* Begin PBXGroup section */
		8413863D1B9FB08500824EC1 = {
			isa = PBXGroup;
			children = (
				841386481B9FB08500824EC1 /* ZeroToApi */,
				8413865E1B9FB08500824EC1 /* ZeroToApiTests */,
				841386471B9FB08500824EC1 /* Products */,
			);
			sourceTree = "<group>";
		};
		841386471B9FB08500824EC1 /* Products */ = {
			isa = PBXGroup;
			children = (
				841386461B9FB08500824EC1 /* ZeroToApi.app */,
				8413865B1B9FB08500824EC1 /* ZeroToApiTests.xctest */,
			);
			name = Products;
			sourceTree = "<group>";
		};
		841386481B9FB08500824EC1 /* ZeroToApi */ = {
			isa = PBXGroup;
			children = (
				8413864B1B9FB08500824EC1 /* AppDelegate.swift */,
				8413864F1B9FB08500824EC1 /* Main.storyboard */,
				8413866B1B9FB10E00824EC1 /* MainTableViewController.swift */,
				8413866D1BA0DCCD00824EC1 /* PlantDetailViewController.swift */,
				841386521B9FB08500824EC1 /* Images.xcassets */,
				841386541B9FB08500824EC1 /* LaunchScreen.xib */,
				841386491B9FB08500824EC1 /* Supporting Files */,
			);
			path = ZeroToApi;
			sourceTree = "<group>";
		};
		841386491B9FB08500824EC1 /* Supporting Files */ = {
			isa = PBXGroup;
			children = (
				8413864A1B9FB08500824EC1 /* Info.plist */,
			);
			name = "Supporting Files";
			sourceTree = "<group>";
		};
		8413865E1B9FB08500824EC1 /* ZeroToApiTests */ = {
			isa = PBXGroup;
			children = (
				841386611B9FB08500824EC1 /* ZeroToApiTests.swift */,
				8413865F1B9FB08500824EC1 /* Supporting Files */,
			);
			path = ZeroToApiTests;
			sourceTree = "<group>";
		};
		8413865F1B9FB08500824EC1 /* Supporting Files */ = {
			isa = PBXGroup;
			children = (
				841386601B9FB08500824EC1 /* Info.plist */,
			);
			name = "Supporting Files";
			sourceTree = "<group>";
		};
/* End PBXGroup section */

/* Begin PBXNativeTarget section */
		841386451B9FB08500824EC1 /* ZeroToApi */ = {
			isa = PBXNativeTarget;
			buildConfigurationList = 841386651B9FB08500824EC1 /* Build configuration list for PBXNativeTarget "ZeroToApi" */;
			buildPhases = (
				841386421B9FB08500824EC1 /* Sources */,
				841386431B9FB08500824EC1 /* Frameworks */,
				841386441B9FB08500824EC1 /* Resources */,
			);
			buildRules = (
			);
			dependencies = (
			);
			name = ZeroToApi;
			productName = ZeroToApi;
			productReference = 841386461B9FB08500824EC1 /* ZeroToApi.app */;
			productType = "com.apple.product-type.application";
		};
		8413865A1B9FB08500824EC1 /* ZeroToApiTests */ = {
			isa = PBXNativeTarget;
			buildConfigurationList = 841386681B9FB08500824EC1 /* Build configuration list for PBXNativeTarget "ZeroToApiTests" */;
			buildPhases = (
				841386571B9FB08500824EC1 /* Sources */,
				841386581B9FB08500824EC1 /* Frameworks */,
				841386591B9FB08500824EC1 /* Resources */,
			);
			buildRules = (
			);
			dependencies = (
				8413865D1B9FB08500824EC1 /* PBXTargetDependency */,
			);
			name = ZeroToApiTests;
			productName = ZeroToApiTests;
			productReference = 8413865B1B9FB08500824EC1 /* ZeroToApiTests.xctest */;
			productType = "com.apple.product-type.bundle.unit-test";
		};
/* End PBXNativeTarget section */

/* Begin PBXProject section */
		8413863E1B9FB08500824EC1 /* Project object */ = {
			isa = PBXProject;
			attributes = {
				LastSwiftMigration = 0710;
				LastSwiftUpdateCheck = 0710;
				LastUpgradeCheck = 0710;
				ORGANIZATIONNAME = "Madison, Jon";
				TargetAttributes = {
					841386451B9FB08500824EC1 = {
						CreatedOnToolsVersion = 6.4;
					};
					8413865A1B9FB08500824EC1 = {
						CreatedOnToolsVersion = 6.4;
						TestTargetID = 841386451B9FB08500824EC1;
					};
				};
			};
			buildConfigurationList = 841386411B9FB08500824EC1 /* Build configuration list for PBXProject "ZeroToApi" */;
			compatibilityVersion = "Xcode 3.2";
			developmentRegion = English;
			hasScannedForEncodings = 0;
			knownRegions = (
				en,
				Base,
			);
			mainGroup = 8413863D1B9FB08500824EC1;
			productRefGroup = 841386471B9FB08500824EC1 /* Products */;
			projectDirPath = "";
			projectRoot = "";
			targets = (
				841386451B9FB08500824EC1 /* ZeroToApi */,
				8413865A1B9FB08500824EC1 /* ZeroToApiTests */,
			);
		};
/* End PBXProject section */

/* Begin PBXResourcesBuildPhase section */
		841386441B9FB08500824EC1 /* Resources */ = {
			isa = PBXResourcesBuildPhase;
			buildActionMask = 2147483647;
			files = (
				841386511B9FB08500824EC1 /* Main.storyboard in Resources */,
				841386561B9FB08500824EC1 /* LaunchScreen.xib in Resources */,
				841386531B9FB08500824EC1 /* Images.xcassets in Resources */,
			);
			runOnlyForDeploymentPostprocessing = 0;
		};
		841386591B9FB08500824EC1 /* Resources */ = {
			isa = PBXResourcesBuildPhase;
			buildActionMask = 2147483647;
			files = (
			);
			runOnlyForDeploymentPostprocessing = 0;
		};
/* End PBXResourcesBuildPhase section */

/* Begin PBXSourcesBuildPhase section */
		841386421B9FB08500824EC1 /* Sources */ = {
			isa = PBXSourcesBuildPhase;
			buildActionMask = 2147483647;
			files = (
				8413866C1B9FB10E00824EC1 /* MainTableViewController.swift in Sources */,
				8413864C1B9FB08500824EC1 /* AppDelegate.swift in Sources */,
				8413866E1BA0DCCD00824EC1 /* PlantDetailViewController.swift in Sources */,
			);
			runOnlyForDeploymentPostprocessing = 0;
		};
		841386571B9FB08500824EC1 /* Sources */ = {
			isa = PBXSourcesBuildPhase;
			buildActionMask = 2147483647;
			files = (
				841386621B9FB08500824EC1 /* ZeroToApiTests.swift in Sources */,
			);
			runOnlyForDeploymentPostprocessing = 0;
		};
/* End PBXSourcesBuildPhase section */

/* Begin PBXTargetDependency section */
		8413865D1B9FB08500824EC1 /* PBXTargetDependency */ = {
			isa = PBXTargetDependency;
			target = 841386451B9FB08500824EC1 /* ZeroToApi */;
			targetProxy = 8413865C1B9FB08500824EC1 /* PBXContainerItemProxy */;
		};
/* End PBXTargetDependency section */

/* Begin PBXVariantGroup section */
		8413864F1B9FB08500824EC1 /* Main.storyboard */ = {
			isa = PBXVariantGroup;
			children = (
				841386501B9FB08500824EC1 /* Base */,
			);
			name = Main.storyboard;
			sourceTree = "<group>";
		};
		841386541B9FB08500824EC1 /* LaunchScreen.xib */ = {
			isa = PBXVariantGroup;
			children = (
				841386551B9FB08500824EC1 /* Base */,
			);
			name = LaunchScreen.xib;
			sourceTree = "<group>";
		};
/* End PBXVariantGroup section */

/* Begin XCBuildConfiguration section */
		841386631B9FB08500824EC1 /* Debug */ = {
			isa = XCBuildConfiguration;
			buildSettings = {
				ALWAYS_SEARCH_USER_PATHS = NO;
				CLANG_CXX_LANGUAGE_STANDARD = "gnu++0x";
				CLANG_CXX_LIBRARY = "libc++";
				CLANG_ENABLE_MODULES = YES;
				CLANG_ENABLE_OBJC_ARC = YES;
				CLANG_WARN_BOOL_CONVERSION = YES;
				CLANG_WARN_CONSTANT_CONVERSION = YES;
				CLANG_WARN_DIRECT_OBJC_ISA_USAGE = YES_ERROR;
				CLANG_WARN_EMPTY_BODY = YES;
				CLANG_WARN_ENUM_CONVERSION = YES;
				CLANG_WARN_INT_CONVERSION = YES;
				CLANG_WARN_OBJC_ROOT_CLASS = YES_ERROR;
				CLANG_WARN_UNREACHABLE_CODE = YES;
				CLANG_WARN__DUPLICATE_METHOD_MATCH = YES;
				"CODE_SIGN_IDENTITY[sdk=iphoneos*]" = "iPhone Developer";
				COPY_PHASE_STRIP = NO;
				DEBUG_INFORMATION_FORMAT = "dwarf-with-dsym";
				ENABLE_STRICT_OBJC_MSGSEND = YES;
				ENABLE_TESTABILITY = YES;
				GCC_C_LANGUAGE_STANDARD = gnu99;
				GCC_DYNAMIC_NO_PIC = NO;
				GCC_NO_COMMON_BLOCKS = YES;
				GCC_OPTIMIZATION_LEVEL = 0;
				GCC_PREPROCESSOR_DEFINITIONS = (
					"DEBUG=1",
					"$(inherited)",
				);
				GCC_SYMBOLS_PRIVATE_EXTERN = NO;
				GCC_WARN_64_TO_32_BIT_CONVERSION = YES;
				GCC_WARN_ABOUT_RETURN_TYPE = YES_ERROR;
				GCC_WARN_UNDECLARED_SELECTOR = YES;
				GCC_WARN_UNINITIALIZED_AUTOS = YES_AGGRESSIVE;
				GCC_WARN_UNUSED_FUNCTION = YES;
				GCC_WARN_UNUSED_VARIABLE = YES;
				IPHONEOS_DEPLOYMENT_TARGET = 9.0;
				MTL_ENABLE_DEBUG_INFO = YES;
				ONLY_ACTIVE_ARCH = YES;
				SDKROOT = iphoneos;
				SWIFT_OPTIMIZATION_LEVEL = "-Onone";
				TARGETED_DEVICE_FAMILY = "1,2";
			};
			name = Debug;
		};
		841386641B9FB08500824EC1 /* Release */ = {
			isa = XCBuildConfiguration;
			buildSettings = {
				ALWAYS_SEARCH_USER_PATHS = NO;
				CLANG_CXX_LANGUAGE_STANDARD = "gnu++0x";
				CLANG_CXX_LIBRARY = "libc++";
				CLANG_ENABLE_MODULES = YES;
				CLANG_ENABLE_OBJC_ARC = YES;
				CLANG_WARN_BOOL_CONVERSION = YES;
				CLANG_WARN_CONSTANT_CONVERSION = YES;
				CLANG_WARN_DIRECT_OBJC_ISA_USAGE = YES_ERROR;
				CLANG_WARN_EMPTY_BODY = YES;
				CLANG_WARN_ENUM_CONVERSION = YES;
				CLANG_WARN_INT_CONVERSION = YES;
				CLANG_WARN_OBJC_ROOT_CLASS = YES_ERROR;
				CLANG_WARN_UNREACHABLE_CODE = YES;
				CLANG_WARN__DUPLICATE_METHOD_MATCH = YES;
				"CODE_SIGN_IDENTITY[sdk=iphoneos*]" = "iPhone Developer";
				COPY_PHASE_STRIP = NO;
				DEBUG_INFORMATION_FORMAT = "dwarf-with-dsym";
				ENABLE_NS_ASSERTIONS = NO;
				ENABLE_STRICT_OBJC_MSGSEND = YES;
				GCC_C_LANGUAGE_STANDARD = gnu99;
				GCC_NO_COMMON_BLOCKS = YES;
				GCC_WARN_64_TO_32_BIT_CONVERSION = YES;
				GCC_WARN_ABOUT_RETURN_TYPE = YES_ERROR;
				GCC_WARN_UNDECLARED_SELECTOR = YES;
				GCC_WARN_UNINITIALIZED_AUTOS = YES_AGGRESSIVE;
				GCC_WARN_UNUSED_FUNCTION = YES;
				GCC_WARN_UNUSED_VARIABLE = YES;
				IPHONEOS_DEPLOYMENT_TARGET = 9.0;
				MTL_ENABLE_DEBUG_INFO = NO;
				SDKROOT = iphoneos;
				TARGETED_DEVICE_FAMILY = "1,2";
				VALIDATE_PRODUCT = YES;
			};
			name = Release;
		};
		841386661B9FB08500824EC1 /* Debug */ = {
			isa = XCBuildConfiguration;
			buildSettings = {
				ASSETCATALOG_COMPILER_APPICON_NAME = AppIcon;
				INFOPLIST_FILE = ZeroToApi/Info.plist;
				LD_RUNPATH_SEARCH_PATHS = "$(inherited) @executable_path/Frameworks";
				PRODUCT_BUNDLE_IDENTIFIER = "com.tfftech.$(PRODUCT_NAME:rfc1034identifier)";
				PRODUCT_NAME = "$(TARGET_NAME)";
			};
			name = Debug;
		};
		841386671B9FB08500824EC1 /* Release */ = {
			isa = XCBuildConfiguration;
			buildSettings = {
				ASSETCATALOG_COMPILER_APPICON_NAME = AppIcon;
				INFOPLIST_FILE = ZeroToApi/Info.plist;
				LD_RUNPATH_SEARCH_PATHS = "$(inherited) @executable_path/Frameworks";
				PRODUCT_BUNDLE_IDENTIFIER = "com.tfftech.$(PRODUCT_NAME:rfc1034identifier)";
				PRODUCT_NAME = "$(TARGET_NAME)";
			};
			name = Release;
		};
		841386691B9FB08500824EC1 /* Debug */ = {
			isa = XCBuildConfiguration;
			buildSettings = {
				BUNDLE_LOADER = "$(TEST_HOST)";
				FRAMEWORK_SEARCH_PATHS = (
					"$(SDKROOT)/Developer/Library/Frameworks",
					"$(inherited)",
				);
				GCC_PREPROCESSOR_DEFINITIONS = (
					"DEBUG=1",
					"$(inherited)",
				);
				INFOPLIST_FILE = ZeroToApiTests/Info.plist;
				LD_RUNPATH_SEARCH_PATHS = "$(inherited) @executable_path/Frameworks @loader_path/Frameworks";
				PRODUCT_BUNDLE_IDENTIFIER = "com.tfftech.$(PRODUCT_NAME:rfc1034identifier)";
				PRODUCT_NAME = "$(TARGET_NAME)";
				TEST_HOST = "$(BUILT_PRODUCTS_DIR)/ZeroToApi.app/ZeroToApi";
			};
			name = Debug;
		};
		8413866A1B9FB08500824EC1 /* Release */ = {
			isa = XCBuildConfiguration;
			buildSettings = {
				BUNDLE_LOADER = "$(TEST_HOST)";
				FRAMEWORK_SEARCH_PATHS = (
					"$(SDKROOT)/Developer/Library/Frameworks",
					"$(inherited)",
				);
				INFOPLIST_FILE = ZeroToApiTests/Info.plist;
				LD_RUNPATH_SEARCH_PATHS = "$(inherited) @executable_path/Frameworks @loader_path/Frameworks";
				PRODUCT_BUNDLE_IDENTIFIER = "com.tfftech.$(PRODUCT_NAME:rfc1034identifier)";
				PRODUCT_NAME = "$(TARGET_NAME)";
				TEST_HOST = "$(BUILT_PRODUCTS_DIR)/ZeroToApi.app/ZeroToApi";
			};
			name = Release;
		};
/* End XCBuildConfiguration section */

/* Begin XCConfigurationList section */
		841386411B9FB08500824EC1 /* Build configuration list for PBXProject "ZeroToApi" */ = {
			isa = XCConfigurationList;
			buildConfigurations = (
				841386631B9FB08500824EC1 /* Debug */,
				841386641B9FB08500824EC1 /* Release */,
			);
			defaultConfigurationIsVisible = 0;
			defaultConfigurationName = Release;
		};
		841386651B9FB08500824EC1 /* Build configuration list for PBXNativeTarget "ZeroToApi" */ = {
			isa = XCConfigurationList;
			buildConfigurations = (
				841386661B9FB08500824EC1 /* Debug */,
				841386671B9FB08500824EC1 /* Release */,
			);
			defaultConfigurationIsVisible = 0;
			defaultConfigurationName = Release;
		};
		841386681B9FB08500824EC1 /* Build configuration list for PBXNativeTarget "ZeroToApiTests" */ = {
			isa = XCConfigurationList;
			buildConfigurations = (
				841386691B9FB08500824EC1 /* Debug */,
				8413866A1B9FB08500824EC1 /* Release */,
			);
			defaultConfigurationIsVisible = 0;
			defaultConfigurationName = Release;
		};
/* End XCConfigurationList section */
	};
	rootObject = 8413863E1B9FB08500824EC1 /* Project object */;
}
